
Microsoft Visual Studio Solution File, Format Version 12.00
# Visual Studio 15
VisualStudioVersion = 15.0.27130.2036
MinimumVisualStudioVersion = 10.0.40219.1
Project("{FAE04EC0-301F-11D3-BF4B-00C04F79EFBC}") = "VKMSmalta", "VKMSmalta\VKMSmalta.csproj", "{1931FFEB-4A78-4CFB-A0F9-0A7E47CA0A78}"
EndProject
Global
	GlobalSection(SolutionConfigurationPlatforms) = preSolution
		Debug|Any CPU = Debug|Any CPU
		Release|Any CPU = Release|Any CPU
	EndGlobalSection
	GlobalSection(ProjectConfigurationPlatforms) = postSolution
		{1931FFEB-4A78-4CFB-A0F9-0A7E47CA0A78}.Debug|Any CPU.ActiveCfg = Debug|Any CPU
		{1931FFEB-4A78-4CFB-A0F9-0A7E47CA0A78}.Debug|Any CPU.Build.0 = Debug|Any CPU
		{1931FFEB-4A78-4CFB-A0F9-0A7E47CA0A78}.Release|Any CPU.ActiveCfg = Release|Any CPU
		{1931FFEB-4A78-4CFB-A0F9-0A7E47CA0A78}.Release|Any CPU.Build.0 = Release|Any CPU
	EndGlobalSection
	GlobalSection(SolutionProperties) = preSolution
		HideSolutionNode = FALSE
	EndGlobalSection
	GlobalSection(ExtensibilityGlobals) = postSolution
		SolutionGuid = {FD33F04E-422F-4E0C-A78B-4F88E3D051A4}
	EndGlobalSection
EndGlobal
